
Microsoft Visual Studio Solution File, Format Version 12.00
# Visual Studio Version 16
VisualStudioVersion = 16.0.32002.261
MinimumVisualStudioVersion = 10.0.40219.1
Project("{FAE04EC0-301F-11D3-BF4B-00C04F79EFBC}") = "PracticeProject", "PracticeProject\PracticeProject.csproj", "{0A9315A1-AF1B-4BA6-A088-EE683F0C9BFC}"
EndProject
Global
	GlobalSection(SolutionConfigurationPlatforms) = preSolution
		Debug|Any CPU = Debug|Any CPU
		Release|Any CPU = Release|Any CPU
	EndGlobalSection
	GlobalSection(ProjectConfigurationPlatforms) = postSolution
		{0A9315A1-AF1B-4BA6-A088-EE683F0C9BFC}.Debug|Any CPU.ActiveCfg = Debug|Any CPU
		{0A9315A1-AF1B-4BA6-A088-EE683F0C9BFC}.Debug|Any CPU.Build.0 = Debug|Any CPU
		{0A9315A1-AF1B-4BA6-A088-EE683F0C9BFC}.Release|Any CPU.ActiveCfg = Release|Any CPU
		{0A9315A1-AF1B-4BA6-A088-EE683F0C9BFC}.Release|Any CPU.Build.0 = Release|Any CPU
	EndGlobalSection
	GlobalSection(SolutionProperties) = preSolution
		HideSolutionNode = FALSE
	EndGlobalSection
	GlobalSection(ExtensibilityGlobals) = postSolution
		SolutionGuid = {0969D57B-A830-4AF9-866E-30E13A300D6D}
	EndGlobalSection
EndGlobal
